// !$*UTF8*$!
{
	archiveVersion = 1;
	classes = {
	};
	objectVersion = 46;
	objects = {

/* Begin PBXAggregateTarget section */
		5B23D8541751057E001DA9F3 /* mogenerator */ = {
			isa = PBXAggregateTarget;
			buildConfigurationList = 5B23D8551751057E001DA9F3 /* Build configuration list for PBXAggregateTarget "mogenerator" */;
			buildPhases = (
				5B23D85817510584001DA9F3 /* ShellScript */,
			);
			dependencies = (
			);
			name = mogenerator;
			productName = mogenerator;
		};
/* End PBXAggregateTarget section */

/* Begin PBXBuildFile section */
		110B0EB6545D4A8C8869FEA7 /* libPods-AppTest.a in Frameworks */ = {isa = PBXBuildFile; fileRef = 43EADC0F7745414383ECC82A /* libPods-AppTest.a */; };
		5B23D80E1750ECA5001DA9F3 /* UIKit.framework in Frameworks */ = {isa = PBXBuildFile; fileRef = 5B23D80D1750ECA5001DA9F3 /* UIKit.framework */; };
		5B23D8101750ECA5001DA9F3 /* Foundation.framework in Frameworks */ = {isa = PBXBuildFile; fileRef = 5B23D80F1750ECA5001DA9F3 /* Foundation.framework */; };
		5B23D8121750ECA5001DA9F3 /* CoreGraphics.framework in Frameworks */ = {isa = PBXBuildFile; fileRef = 5B23D8111750ECA5001DA9F3 /* CoreGraphics.framework */; };
		5B23D8181750ECA5001DA9F3 /* InfoPlist.strings in Resources */ = {isa = PBXBuildFile; fileRef = 5B23D8161750ECA5001DA9F3 /* InfoPlist.strings */; };
		5B23D81A1750ECA5001DA9F3 /* main.m in Sources */ = {isa = PBXBuildFile; fileRef = 5B23D8191750ECA5001DA9F3 /* main.m */; };
		5B23D81E1750ECA5001DA9F3 /* AppDelegate.m in Sources */ = {isa = PBXBuildFile; fileRef = 5B23D81D1750ECA5001DA9F3 /* AppDelegate.m */; };
		5B23D8201750ECA5001DA9F3 /* Default.png in Resources */ = {isa = PBXBuildFile; fileRef = 5B23D81F1750ECA5001DA9F3 /* Default.png */; };
		5B23D8221750ECA5001DA9F3 /* Default@2x.png in Resources */ = {isa = PBXBuildFile; fileRef = 5B23D8211750ECA5001DA9F3 /* Default@2x.png */; };
		5B23D8241750ECA5001DA9F3 /* Default-568h@2x.png in Resources */ = {isa = PBXBuildFile; fileRef = 5B23D8231750ECA5001DA9F3 /* Default-568h@2x.png */; };
		5B23D8271750ECA5001DA9F3 /* MainStoryboard.storyboard in Resources */ = {isa = PBXBuildFile; fileRef = 5B23D8251750ECA5001DA9F3 /* MainStoryboard.storyboard */; };
		5B23D82A1750ECA5001DA9F3 /* ViewController.m in Sources */ = {isa = PBXBuildFile; fileRef = 5B23D8291750ECA5001DA9F3 /* ViewController.m */; };
		5B23D8321750ECA5001DA9F3 /* SenTestingKit.framework in Frameworks */ = {isa = PBXBuildFile; fileRef = 5B23D8311750ECA5001DA9F3 /* SenTestingKit.framework */; };
		5B23D8331750ECA5001DA9F3 /* UIKit.framework in Frameworks */ = {isa = PBXBuildFile; fileRef = 5B23D80D1750ECA5001DA9F3 /* UIKit.framework */; };
		5B23D8341750ECA5001DA9F3 /* Foundation.framework in Frameworks */ = {isa = PBXBuildFile; fileRef = 5B23D80F1750ECA5001DA9F3 /* Foundation.framework */; };
		5B23D83C1750ECA5001DA9F3 /* InfoPlist.strings in Resources */ = {isa = PBXBuildFile; fileRef = 5B23D83A1750ECA5001DA9F3 /* InfoPlist.strings */; };
		5B23D83F1750ECA5001DA9F3 /* SIStoreExampleTests.m in Sources */ = {isa = PBXBuildFile; fileRef = 5B23D83E1750ECA5001DA9F3 /* SIStoreExampleTests.m */; };
		5B23D84C1750ECE6001DA9F3 /* SIStore.bundle in Resources */ = {isa = PBXBuildFile; fileRef = 5B23D8491750ECE6001DA9F3 /* SIStore.bundle */; };
		5B23D84D1750ECE6001DA9F3 /* SIStore.bundle in Resources */ = {isa = PBXBuildFile; fileRef = 5B23D8491750ECE6001DA9F3 /* SIStore.bundle */; };
		5B23D8531751029D001DA9F3 /* TaskBox.xcdatamodeld in Sources */ = {isa = PBXBuildFile; fileRef = 5B23D8511751029D001DA9F3 /* TaskBox.xcdatamodeld */; };
		5B23D85C175106D3001DA9F3 /* _Task.m in Sources */ = {isa = PBXBuildFile; fileRef = 5B23D85B175106D3001DA9F3 /* _Task.m */; };
		5B23D860175106EE001DA9F3 /* Task.m in Sources */ = {isa = PBXBuildFile; fileRef = 5B23D85F175106EE001DA9F3 /* Task.m */; };
		5B23D86217510A63001DA9F3 /* CoreData.framework in Frameworks */ = {isa = PBXBuildFile; fileRef = 5B23D86117510A63001DA9F3 /* CoreData.framework */; };
		5B23D86317510EF2001DA9F3 /* CoreData.framework in Frameworks */ = {isa = PBXBuildFile; fileRef = 5B23D86117510A63001DA9F3 /* CoreData.framework */; };
		5B23D86517510EF9001DA9F3 /* libPods.a in Frameworks */ = {isa = PBXBuildFile; fileRef = 5B23D86417510EF9001DA9F3 /* libPods.a */; };
		5B23D86817510F89001DA9F3 /* SITestStore.m in Sources */ = {isa = PBXBuildFile; fileRef = 5B23D86717510F89001DA9F3 /* SITestStore.m */; };
		5B23D86B1751235F001DA9F3 /* SIStore.m in Sources */ = {isa = PBXBuildFile; fileRef = 5B23D86A1751235F001DA9F3 /* SIStore.m */; };
		5BED8E321782CEA1003C4850 /* StoreTableViewController.m in Sources */ = {isa = PBXBuildFile; fileRef = 5BED8E311782CEA1003C4850 /* StoreTableViewController.m */; };
		5BED8E351782CFAF003C4850 /* TBStore.m in Sources */ = {isa = PBXBuildFile; fileRef = 5BED8E341782CFAF003C4850 /* TBStore.m */; };
		5BED8E381782D062003C4850 /* UseiCloudViewController.m in Sources */ = {isa = PBXBuildFile; fileRef = 5BED8E371782D062003C4850 /* UseiCloudViewController.m */; };
		5BFF1F6A17537BCB00329D2B /* UIKit.framework in Frameworks */ = {isa = PBXBuildFile; fileRef = 5B23D80D1750ECA5001DA9F3 /* UIKit.framework */; };
		5BFF1F6B17537BCB00329D2B /* Foundation.framework in Frameworks */ = {isa = PBXBuildFile; fileRef = 5B23D80F1750ECA5001DA9F3 /* Foundation.framework */; };
		5BFF1F6C17537BCB00329D2B /* CoreGraphics.framework in Frameworks */ = {isa = PBXBuildFile; fileRef = 5B23D8111750ECA5001DA9F3 /* CoreGraphics.framework */; };
		5BFF1F7217537BCB00329D2B /* InfoPlist.strings in Resources */ = {isa = PBXBuildFile; fileRef = 5BFF1F7017537BCB00329D2B /* InfoPlist.strings */; };
		5BFF1F7417537BCB00329D2B /* main.m in Sources */ = {isa = PBXBuildFile; fileRef = 5BFF1F7317537BCB00329D2B /* main.m */; };
		5BFF1F7A17537BCB00329D2B /* Default.png in Resources */ = {isa = PBXBuildFile; fileRef = 5BFF1F7917537BCB00329D2B /* Default.png */; };
		5BFF1F7C17537BCB00329D2B /* Default@2x.png in Resources */ = {isa = PBXBuildFile; fileRef = 5BFF1F7B17537BCB00329D2B /* Default@2x.png */; };
		5BFF1F7E17537BCB00329D2B /* Default-568h@2x.png in Resources */ = {isa = PBXBuildFile; fileRef = 5BFF1F7D17537BCB00329D2B /* Default-568h@2x.png */; };
		5BFF1F8417539C2300329D2B /* SimpleTestCase.m in Sources */ = {isa = PBXBuildFile; fileRef = 5BFF1F8317539C2300329D2B /* SimpleTestCase.m */; };
		EA49BC5169A7479193A135F7 /* libPods.a in Frameworks */ = {isa = PBXBuildFile; fileRef = D651E741E1974814BD5FA1FB /* libPods.a */; };
/* End PBXBuildFile section */

/* Begin PBXContainerItemProxy section */
		5B23D8351750ECA5001DA9F3 /* PBXContainerItemProxy */ = {
			isa = PBXContainerItemProxy;
			containerPortal = 5B23D8021750ECA5001DA9F3 /* Project object */;
			proxyType = 1;
			remoteGlobalIDString = 5B23D8091750ECA5001DA9F3;
			remoteInfo = SIStoreExample;
		};
/* End PBXContainerItemProxy section */

/* Begin PBXFileReference section */
		43EADC0F7745414383ECC82A /* libPods-AppTest.a */ = {isa = PBXFileReference; explicitFileType = archive.ar; includeInIndex = 0; path = "libPods-AppTest.a"; sourceTree = BUILT_PRODUCTS_DIR; };
		5B23D80A1750ECA5001DA9F3 /* SIStoreExample.app */ = {isa = PBXFileReference; explicitFileType = wrapper.application; includeInIndex = 0; path = SIStoreExample.app; sourceTree = BUILT_PRODUCTS_DIR; };
		5B23D80D1750ECA5001DA9F3 /* UIKit.framework */ = {isa = PBXFileReference; lastKnownFileType = wrapper.framework; name = UIKit.framework; path = System/Library/Frameworks/UIKit.framework; sourceTree = SDKROOT; };
		5B23D80F1750ECA5001DA9F3 /* Foundation.framework */ = {isa = PBXFileReference; lastKnownFileType = wrapper.framework; name = Foundation.framework; path = System/Library/Frameworks/Foundation.framework; sourceTree = SDKROOT; };
		5B23D8111750ECA5001DA9F3 /* CoreGraphics.framework */ = {isa = PBXFileReference; lastKnownFileType = wrapper.framework; name = CoreGraphics.framework; path = System/Library/Frameworks/CoreGraphics.framework; sourceTree = SDKROOT; };
		5B23D8151750ECA5001DA9F3 /* SIStoreExample-Info.plist */ = {isa = PBXFileReference; lastKnownFileType = text.plist.xml; path = "SIStoreExample-Info.plist"; sourceTree = "<group>"; };
		5B23D8171750ECA5001DA9F3 /* en */ = {isa = PBXFileReference; lastKnownFileType = text.plist.strings; name = en; path = en.lproj/InfoPlist.strings; sourceTree = "<group>"; };
		5B23D8191750ECA5001DA9F3 /* main.m */ = {isa = PBXFileReference; lastKnownFileType = sourcecode.c.objc; path = main.m; sourceTree = "<group>"; };
		5B23D81B1750ECA5001DA9F3 /* SIStoreExample-Prefix.pch */ = {isa = PBXFileReference; lastKnownFileType = sourcecode.c.h; path = "SIStoreExample-Prefix.pch"; sourceTree = "<group>"; };
		5B23D81C1750ECA5001DA9F3 /* AppDelegate.h */ = {isa = PBXFileReference; lastKnownFileType = sourcecode.c.h; path = AppDelegate.h; sourceTree = "<group>"; };
		5B23D81D1750ECA5001DA9F3 /* AppDelegate.m */ = {isa = PBXFileReference; lastKnownFileType = sourcecode.c.objc; path = AppDelegate.m; sourceTree = "<group>"; };
		5B23D81F1750ECA5001DA9F3 /* Default.png */ = {isa = PBXFileReference; lastKnownFileType = image.png; path = Default.png; sourceTree = "<group>"; };
		5B23D8211750ECA5001DA9F3 /* Default@2x.png */ = {isa = PBXFileReference; lastKnownFileType = image.png; path = "Default@2x.png"; sourceTree = "<group>"; };
		5B23D8231750ECA5001DA9F3 /* Default-568h@2x.png */ = {isa = PBXFileReference; lastKnownFileType = image.png; path = "Default-568h@2x.png"; sourceTree = "<group>"; };
		5B23D8261750ECA5001DA9F3 /* en */ = {isa = PBXFileReference; lastKnownFileType = file.storyboard; name = en; path = en.lproj/MainStoryboard.storyboard; sourceTree = "<group>"; };
		5B23D8281750ECA5001DA9F3 /* ViewController.h */ = {isa = PBXFileReference; lastKnownFileType = sourcecode.c.h; path = ViewController.h; sourceTree = "<group>"; };
		5B23D8291750ECA5001DA9F3 /* ViewController.m */ = {isa = PBXFileReference; lastKnownFileType = sourcecode.c.objc; path = ViewController.m; sourceTree = "<group>"; };
		5B23D8301750ECA5001DA9F3 /* SIStoreExampleTests.octest */ = {isa = PBXFileReference; explicitFileType = wrapper.cfbundle; includeInIndex = 0; path = SIStoreExampleTests.octest; sourceTree = BUILT_PRODUCTS_DIR; };
		5B23D8311750ECA5001DA9F3 /* SenTestingKit.framework */ = {isa = PBXFileReference; lastKnownFileType = wrapper.framework; name = SenTestingKit.framework; path = Library/Frameworks/SenTestingKit.framework; sourceTree = DEVELOPER_DIR; };
		5B23D8391750ECA5001DA9F3 /* SIStoreExampleTests-Info.plist */ = {isa = PBXFileReference; lastKnownFileType = text.plist.xml; path = "SIStoreExampleTests-Info.plist"; sourceTree = "<group>"; };
		5B23D83B1750ECA5001DA9F3 /* en */ = {isa = PBXFileReference; lastKnownFileType = text.plist.strings; name = en; path = en.lproj/InfoPlist.strings; sourceTree = "<group>"; };
		5B23D83D1750ECA5001DA9F3 /* SIStoreExampleTests.h */ = {isa = PBXFileReference; lastKnownFileType = sourcecode.c.h; path = SIStoreExampleTests.h; sourceTree = "<group>"; };
		5B23D83E1750ECA5001DA9F3 /* SIStoreExampleTests.m */ = {isa = PBXFileReference; lastKnownFileType = sourcecode.c.objc; path = SIStoreExampleTests.m; sourceTree = "<group>"; };
		5B23D8491750ECE6001DA9F3 /* SIStore.bundle */ = {isa = PBXFileReference; lastKnownFileType = "wrapper.plug-in"; path = SIStore.bundle; sourceTree = "<group>"; };
		5B23D8521751029D001DA9F3 /* TaskBox.xcdatamodel */ = {isa = PBXFileReference; lastKnownFileType = wrapper.xcdatamodel; path = TaskBox.xcdatamodel; sourceTree = "<group>"; };
		5B23D85A175106D3001DA9F3 /* _Task.h */ = {isa = PBXFileReference; fileEncoding = 4; lastKnownFileType = sourcecode.c.h; path = _Task.h; sourceTree = "<group>"; };
		5B23D85B175106D3001DA9F3 /* _Task.m */ = {isa = PBXFileReference; fileEncoding = 4; lastKnownFileType = sourcecode.c.objc; path = _Task.m; sourceTree = "<group>"; };
		5B23D85E175106EE001DA9F3 /* Task.h */ = {isa = PBXFileReference; fileEncoding = 4; lastKnownFileType = sourcecode.c.h; path = Task.h; sourceTree = "<group>"; };
		5B23D85F175106EE001DA9F3 /* Task.m */ = {isa = PBXFileReference; fileEncoding = 4; lastKnownFileType = sourcecode.c.objc; path = Task.m; sourceTree = "<group>"; };
		5B23D86117510A63001DA9F3 /* CoreData.framework */ = {isa = PBXFileReference; lastKnownFileType = wrapper.framework; name = CoreData.framework; path = System/Library/Frameworks/CoreData.framework; sourceTree = SDKROOT; };
		5B23D86417510EF9001DA9F3 /* libPods.a */ = {isa = PBXFileReference; lastKnownFileType = archive.ar; name = libPods.a; path = "../Pods/build/Release-iphoneos/libPods.a"; sourceTree = "<group>"; };
		5B23D86617510F89001DA9F3 /* SITestStore.h */ = {isa = PBXFileReference; fileEncoding = 4; lastKnownFileType = sourcecode.c.h; path = SITestStore.h; sourceTree = "<group>"; };
		5B23D86717510F89001DA9F3 /* SITestStore.m */ = {isa = PBXFileReference; fileEncoding = 4; lastKnownFileType = sourcecode.c.objc; path = SITestStore.m; sourceTree = "<group>"; };
		5B23D8691751235F001DA9F3 /* SIStore.h */ = {isa = PBXFileReference; fileEncoding = 4; lastKnownFileType = sourcecode.c.h; path = SIStore.h; sourceTree = "<group>"; };
		5B23D86A1751235F001DA9F3 /* SIStore.m */ = {isa = PBXFileReference; fileEncoding = 4; lastKnownFileType = sourcecode.c.objc; path = SIStore.m; sourceTree = "<group>"; };
		5BED8E2E1782B610003C4850 /* AppTest.entitlements */ = {isa = PBXFileReference; lastKnownFileType = text.xml; path = AppTest.entitlements; sourceTree = "<group>"; };
		5BED8E301782CEA1003C4850 /* StoreTableViewController.h */ = {isa = PBXFileReference; fileEncoding = 4; lastKnownFileType = sourcecode.c.h; path = StoreTableViewController.h; sourceTree = "<group>"; };
		5BED8E311782CEA1003C4850 /* StoreTableViewController.m */ = {isa = PBXFileReference; fileEncoding = 4; lastKnownFileType = sourcecode.c.objc; path = StoreTableViewController.m; sourceTree = "<group>"; };
		5BED8E331782CFAF003C4850 /* TBStore.h */ = {isa = PBXFileReference; fileEncoding = 4; lastKnownFileType = sourcecode.c.h; path = TBStore.h; sourceTree = "<group>"; };
		5BED8E341782CFAF003C4850 /* TBStore.m */ = {isa = PBXFileReference; fileEncoding = 4; lastKnownFileType = sourcecode.c.objc; path = TBStore.m; sourceTree = "<group>"; };
		5BED8E361782D062003C4850 /* UseiCloudViewController.h */ = {isa = PBXFileReference; fileEncoding = 4; lastKnownFileType = sourcecode.c.h; path = UseiCloudViewController.h; sourceTree = "<group>"; };
		5BED8E371782D062003C4850 /* UseiCloudViewController.m */ = {isa = PBXFileReference; fileEncoding = 4; lastKnownFileType = sourcecode.c.objc; path = UseiCloudViewController.m; sourceTree = "<group>"; };
		5BFF1F6917537BCB00329D2B /* AppTest.app */ = {isa = PBXFileReference; explicitFileType = wrapper.application; includeInIndex = 0; path = AppTest.app; sourceTree = BUILT_PRODUCTS_DIR; };
		5BFF1F6F17537BCB00329D2B /* AppTest-Info.plist */ = {isa = PBXFileReference; lastKnownFileType = text.plist.xml; path = "AppTest-Info.plist"; sourceTree = "<group>"; };
		5BFF1F7117537BCB00329D2B /* en */ = {isa = PBXFileReference; lastKnownFileType = text.plist.strings; name = en; path = en.lproj/InfoPlist.strings; sourceTree = "<group>"; };
		5BFF1F7317537BCB00329D2B /* main.m */ = {isa = PBXFileReference; lastKnownFileType = sourcecode.c.objc; path = main.m; sourceTree = "<group>"; };
		5BFF1F7517537BCB00329D2B /* AppTest-Prefix.pch */ = {isa = PBXFileReference; lastKnownFileType = sourcecode.c.h; path = "AppTest-Prefix.pch"; sourceTree = "<group>"; };
		5BFF1F7917537BCB00329D2B /* Default.png */ = {isa = PBXFileReference; lastKnownFileType = image.png; path = Default.png; sourceTree = "<group>"; };
		5BFF1F7B17537BCB00329D2B /* Default@2x.png */ = {isa = PBXFileReference; lastKnownFileType = image.png; path = "Default@2x.png"; sourceTree = "<group>"; };
		5BFF1F7D17537BCB00329D2B /* Default-568h@2x.png */ = {isa = PBXFileReference; lastKnownFileType = image.png; path = "Default-568h@2x.png"; sourceTree = "<group>"; };
		5BFF1F8217539C2300329D2B /* SimpleTestCase.h */ = {isa = PBXFileReference; fileEncoding = 4; lastKnownFileType = sourcecode.c.h; path = SimpleTestCase.h; sourceTree = "<group>"; };
		5BFF1F8317539C2300329D2B /* SimpleTestCase.m */ = {isa = PBXFileReference; fileEncoding = 4; lastKnownFileType = sourcecode.c.objc; path = SimpleTestCase.m; sourceTree = "<group>"; };
		BEDC0435845A4D54BFD8ED70 /* Pods-AppTest.xcconfig */ = {isa = PBXFileReference; includeInIndex = 1; lastKnownFileType = text.xcconfig; name = "Pods-AppTest.xcconfig"; path = "Pods/Pods-AppTest.xcconfig"; sourceTree = SOURCE_ROOT; };
		CAA35CFA8F404C01A3B345E2 /* Pods.xcconfig */ = {isa = PBXFileReference; includeInIndex = 1; lastKnownFileType = text.xcconfig; name = Pods.xcconfig; path = Pods/Pods.xcconfig; sourceTree = SOURCE_ROOT; };
		D651E741E1974814BD5FA1FB /* libPods.a */ = {isa = PBXFileReference; explicitFileType = archive.ar; includeInIndex = 0; path = libPods.a; sourceTree = BUILT_PRODUCTS_DIR; };
/* End PBXFileReference section */

/* Begin PBXFrameworksBuildPhase section */
		5B23D8071750ECA5001DA9F3 /* Frameworks */ = {
			isa = PBXFrameworksBuildPhase;
			buildActionMask = 2147483647;
			files = (
				5B23D86217510A63001DA9F3 /* CoreData.framework in Frameworks */,
				5B23D80E1750ECA5001DA9F3 /* UIKit.framework in Frameworks */,
				5B23D8101750ECA5001DA9F3 /* Foundation.framework in Frameworks */,
				5B23D8121750ECA5001DA9F3 /* CoreGraphics.framework in Frameworks */,
				EA49BC5169A7479193A135F7 /* libPods.a in Frameworks */,
			);
			runOnlyForDeploymentPostprocessing = 0;
		};
		5B23D82C1750ECA5001DA9F3 /* Frameworks */ = {
			isa = PBXFrameworksBuildPhase;
			buildActionMask = 2147483647;
			files = (
				5B23D86517510EF9001DA9F3 /* libPods.a in Frameworks */,
				5B23D86317510EF2001DA9F3 /* CoreData.framework in Frameworks */,
				5B23D8321750ECA5001DA9F3 /* SenTestingKit.framework in Frameworks */,
				5B23D8331750ECA5001DA9F3 /* UIKit.framework in Frameworks */,
				5B23D8341750ECA5001DA9F3 /* Foundation.framework in Frameworks */,
			);
			runOnlyForDeploymentPostprocessing = 0;
		};
		5BFF1F6617537BCB00329D2B /* Frameworks */ = {
			isa = PBXFrameworksBuildPhase;
			buildActionMask = 2147483647;
			files = (
				5BFF1F6A17537BCB00329D2B /* UIKit.framework in Frameworks */,
				5BFF1F6B17537BCB00329D2B /* Foundation.framework in Frameworks */,
				5BFF1F6C17537BCB00329D2B /* CoreGraphics.framework in Frameworks */,
				110B0EB6545D4A8C8869FEA7 /* libPods-AppTest.a in Frameworks */,
			);
			runOnlyForDeploymentPostprocessing = 0;
		};
/* End PBXFrameworksBuildPhase section */

/* Begin PBXGroup section */
		5B23D8011750ECA5001DA9F3 = {
			isa = PBXGroup;
			children = (
				5B23D8481750ECE6001DA9F3 /* SIStore */,
				5B23D8131750ECA5001DA9F3 /* SIStoreExample */,
				5B23D8371750ECA5001DA9F3 /* SIStoreExampleTests */,
				5BFF1F6D17537BCB00329D2B /* AppTest */,
				5B23D80C1750ECA5001DA9F3 /* Frameworks */,
				5B23D80B1750ECA5001DA9F3 /* Products */,
				CAA35CFA8F404C01A3B345E2 /* Pods.xcconfig */,
				BEDC0435845A4D54BFD8ED70 /* Pods-AppTest.xcconfig */,
			);
			sourceTree = "<group>";
		};
		5B23D80B1750ECA5001DA9F3 /* Products */ = {
			isa = PBXGroup;
			children = (
				5B23D80A1750ECA5001DA9F3 /* SIStoreExample.app */,
				5B23D8301750ECA5001DA9F3 /* SIStoreExampleTests.octest */,
				5BFF1F6917537BCB00329D2B /* AppTest.app */,
			);
			name = Products;
			sourceTree = "<group>";
		};
		5B23D80C1750ECA5001DA9F3 /* Frameworks */ = {
			isa = PBXGroup;
			children = (
				5B23D86117510A63001DA9F3 /* CoreData.framework */,
				5B23D80D1750ECA5001DA9F3 /* UIKit.framework */,
				5B23D80F1750ECA5001DA9F3 /* Foundation.framework */,
				5B23D8111750ECA5001DA9F3 /* CoreGraphics.framework */,
				5B23D8311750ECA5001DA9F3 /* SenTestingKit.framework */,
				D651E741E1974814BD5FA1FB /* libPods.a */,
				43EADC0F7745414383ECC82A /* libPods-AppTest.a */,
			);
			name = Frameworks;
			sourceTree = "<group>";
		};
		5B23D8131750ECA5001DA9F3 /* SIStoreExample */ = {
			isa = PBXGroup;
			children = (
				5B23D8501751008A001DA9F3 /* Models */,
				5B23D81C1750ECA5001DA9F3 /* AppDelegate.h */,
				5B23D81D1750ECA5001DA9F3 /* AppDelegate.m */,
				5B23D8251750ECA5001DA9F3 /* MainStoryboard.storyboard */,
				5BED8E2F1782CE7B003C4850 /* Controller */,
				5B23D8141750ECA5001DA9F3 /* Supporting Files */,
			);
			path = SIStoreExample;
			sourceTree = "<group>";
		};
		5B23D8141750ECA5001DA9F3 /* Supporting Files */ = {
			isa = PBXGroup;
			children = (
				5B23D8151750ECA5001DA9F3 /* SIStoreExample-Info.plist */,
				5B23D8161750ECA5001DA9F3 /* InfoPlist.strings */,
				5B23D8191750ECA5001DA9F3 /* main.m */,
				5B23D81B1750ECA5001DA9F3 /* SIStoreExample-Prefix.pch */,
				5B23D81F1750ECA5001DA9F3 /* Default.png */,
				5B23D8211750ECA5001DA9F3 /* Default@2x.png */,
				5B23D8231750ECA5001DA9F3 /* Default-568h@2x.png */,
			);
			name = "Supporting Files";
			sourceTree = "<group>";
		};
		5B23D8371750ECA5001DA9F3 /* SIStoreExampleTests */ = {
			isa = PBXGroup;
			children = (
				5B23D86617510F89001DA9F3 /* SITestStore.h */,
				5B23D86717510F89001DA9F3 /* SITestStore.m */,
				5B23D83D1750ECA5001DA9F3 /* SIStoreExampleTests.h */,
				5B23D83E1750ECA5001DA9F3 /* SIStoreExampleTests.m */,
				5B23D8381750ECA5001DA9F3 /* Supporting Files */,
			);
			path = SIStoreExampleTests;
			sourceTree = "<group>";
		};
		5B23D8381750ECA5001DA9F3 /* Supporting Files */ = {
			isa = PBXGroup;
			children = (
				5B23D86417510EF9001DA9F3 /* libPods.a */,
				5B23D8391750ECA5001DA9F3 /* SIStoreExampleTests-Info.plist */,
				5B23D83A1750ECA5001DA9F3 /* InfoPlist.strings */,
			);
			name = "Supporting Files";
			sourceTree = "<group>";
		};
		5B23D8481750ECE6001DA9F3 /* SIStore */ = {
			isa = PBXGroup;
			children = (
				5B23D8691751235F001DA9F3 /* SIStore.h */,
				5B23D86A1751235F001DA9F3 /* SIStore.m */,
				5B23D8491750ECE6001DA9F3 /* SIStore.bundle */,
			);
			path = SIStore;
			sourceTree = SOURCE_ROOT;
		};
		5B23D8501751008A001DA9F3 /* Models */ = {
			isa = PBXGroup;
			children = (
				5B23D859175106C8001DA9F3 /* Base */,
				5B23D85D175106E0001DA9F3 /* Classes */,
				5B23D8511751029D001DA9F3 /* TaskBox.xcdatamodeld */,
				5BED8E331782CFAF003C4850 /* TBStore.h */,
				5BED8E341782CFAF003C4850 /* TBStore.m */,
			);
			name = Models;
			sourceTree = "<group>";
		};
		5B23D859175106C8001DA9F3 /* Base */ = {
			isa = PBXGroup;
			children = (
				5B23D85A175106D3001DA9F3 /* _Task.h */,
				5B23D85B175106D3001DA9F3 /* _Task.m */,
			);
			name = Base;
			sourceTree = "<group>";
		};
		5B23D85D175106E0001DA9F3 /* Classes */ = {
			isa = PBXGroup;
			children = (
				5B23D85E175106EE001DA9F3 /* Task.h */,
				5B23D85F175106EE001DA9F3 /* Task.m */,
			);
			name = Classes;
			sourceTree = "<group>";
		};
		5BED8E2F1782CE7B003C4850 /* Controller */ = {
			isa = PBXGroup;
			children = (
				5B23D8281750ECA5001DA9F3 /* ViewController.h */,
				5B23D8291750ECA5001DA9F3 /* ViewController.m */,
				5BED8E301782CEA1003C4850 /* StoreTableViewController.h */,
				5BED8E311782CEA1003C4850 /* StoreTableViewController.m */,
				5BED8E361782D062003C4850 /* UseiCloudViewController.h */,
				5BED8E371782D062003C4850 /* UseiCloudViewController.m */,
			);
			name = Controller;
			sourceTree = "<group>";
		};
		5BFF1F6D17537BCB00329D2B /* AppTest */ = {
			isa = PBXGroup;
			children = (
				5BED8E2E1782B610003C4850 /* AppTest.entitlements */,
				5BFF1F6E17537BCB00329D2B /* Supporting Files */,
				5BFF1F8217539C2300329D2B /* SimpleTestCase.h */,
				5BFF1F8317539C2300329D2B /* SimpleTestCase.m */,
			);
			path = AppTest;
			sourceTree = "<group>";
		};
		5BFF1F6E17537BCB00329D2B /* Supporting Files */ = {
			isa = PBXGroup;
			children = (
				5BFF1F6F17537BCB00329D2B /* AppTest-Info.plist */,
				5BFF1F7017537BCB00329D2B /* InfoPlist.strings */,
				5BFF1F7317537BCB00329D2B /* main.m */,
				5BFF1F7517537BCB00329D2B /* AppTest-Prefix.pch */,
				5BFF1F7917537BCB00329D2B /* Default.png */,
				5BFF1F7B17537BCB00329D2B /* Default@2x.png */,
				5BFF1F7D17537BCB00329D2B /* Default-568h@2x.png */,
			);
			name = "Supporting Files";
			sourceTree = "<group>";
		};
/* End PBXGroup section */

/* Begin PBXNativeTarget section */
		5B23D8091750ECA5001DA9F3 /* SIStoreExample */ = {
			isa = PBXNativeTarget;
			buildConfigurationList = 5B23D8421750ECA5001DA9F3 /* Build configuration list for PBXNativeTarget "SIStoreExample" */;
			buildPhases = (
				158933C00EA445B4A36A51BC /* Check Pods Manifest.lock */,
				5B23D8061750ECA5001DA9F3 /* Sources */,
				5B23D8071750ECA5001DA9F3 /* Frameworks */,
				5B23D8081750ECA5001DA9F3 /* Resources */,
				7639BE3B1573478780B8B2DA /* Copy Pods Resources */,
			);
			buildRules = (
			);
			dependencies = (
			);
			name = SIStoreExample;
			productName = SIStoreExample;
			productReference = 5B23D80A1750ECA5001DA9F3 /* SIStoreExample.app */;
			productType = "com.apple.product-type.application";
		};
		5B23D82F1750ECA5001DA9F3 /* SIStoreExampleTests */ = {
			isa = PBXNativeTarget;
			buildConfigurationList = 5B23D8451750ECA5001DA9F3 /* Build configuration list for PBXNativeTarget "SIStoreExampleTests" */;
			buildPhases = (
				5B23D82B1750ECA5001DA9F3 /* Sources */,
				5B23D82C1750ECA5001DA9F3 /* Frameworks */,
				5B23D82D1750ECA5001DA9F3 /* Resources */,
				5B23D82E1750ECA5001DA9F3 /* ShellScript */,
			);
			buildRules = (
			);
			dependencies = (
				5B23D8361750ECA5001DA9F3 /* PBXTargetDependency */,
			);
			name = SIStoreExampleTests;
			productName = SIStoreExampleTests;
			productReference = 5B23D8301750ECA5001DA9F3 /* SIStoreExampleTests.octest */;
			productType = "com.apple.product-type.bundle";
		};
		5BFF1F6817537BCB00329D2B /* AppTest */ = {
			isa = PBXNativeTarget;
			buildConfigurationList = 5BFF1F8117537BCB00329D2B /* Build configuration list for PBXNativeTarget "AppTest" */;
			buildPhases = (
				E2A13EC4C90F48E69721C49F /* Check Pods Manifest.lock */,
				5BFF1F6517537BCB00329D2B /* Sources */,
				5BFF1F6617537BCB00329D2B /* Frameworks */,
				5BFF1F6717537BCB00329D2B /* Resources */,
				BD6CC21214D34EDAB61A7B05 /* Copy Pods Resources */,
			);
			buildRules = (
			);
			dependencies = (
			);
			name = AppTest;
			productName = AppTest;
			productReference = 5BFF1F6917537BCB00329D2B /* AppTest.app */;
			productType = "com.apple.product-type.application";
		};
/* End PBXNativeTarget section */

/* Begin PBXProject section */
		5B23D8021750ECA5001DA9F3 /* Project object */ = {
			isa = PBXProject;
			attributes = {
				LastUpgradeCheck = 0460;
				ORGANIZATIONNAME = iiiyu;
			};
			buildConfigurationList = 5B23D8051750ECA5001DA9F3 /* Build configuration list for PBXProject "SIStoreExample" */;
			compatibilityVersion = "Xcode 3.2";
			developmentRegion = English;
			hasScannedForEncodings = 0;
			knownRegions = (
				en,
			);
			mainGroup = 5B23D8011750ECA5001DA9F3;
			productRefGroup = 5B23D80B1750ECA5001DA9F3 /* Products */;
			projectDirPath = "";
			projectRoot = "";
			targets = (
				5B23D8091750ECA5001DA9F3 /* SIStoreExample */,
				5B23D82F1750ECA5001DA9F3 /* SIStoreExampleTests */,
				5B23D8541751057E001DA9F3 /* mogenerator */,
				5BFF1F6817537BCB00329D2B /* AppTest */,
			);
		};
/* End PBXProject section */

/* Begin PBXResourcesBuildPhase section */
		5B23D8081750ECA5001DA9F3 /* Resources */ = {
			isa = PBXResourcesBuildPhase;
			buildActionMask = 2147483647;
			files = (
				5B23D8181750ECA5001DA9F3 /* InfoPlist.strings in Resources */,
				5B23D8201750ECA5001DA9F3 /* Default.png in Resources */,
				5B23D8221750ECA5001DA9F3 /* Default@2x.png in Resources */,
				5B23D8241750ECA5001DA9F3 /* Default-568h@2x.png in Resources */,
				5B23D8271750ECA5001DA9F3 /* MainStoryboard.storyboard in Resources */,
				5B23D84C1750ECE6001DA9F3 /* SIStore.bundle in Resources */,
			);
			runOnlyForDeploymentPostprocessing = 0;
		};
		5B23D82D1750ECA5001DA9F3 /* Resources */ = {
			isa = PBXResourcesBuildPhase;
			buildActionMask = 2147483647;
			files = (
				5B23D83C1750ECA5001DA9F3 /* InfoPlist.strings in Resources */,
				5B23D84D1750ECE6001DA9F3 /* SIStore.bundle in Resources */,
			);
			runOnlyForDeploymentPostprocessing = 0;
		};
		5BFF1F6717537BCB00329D2B /* Resources */ = {
			isa = PBXResourcesBuildPhase;
			buildActionMask = 2147483647;
			files = (
				5BFF1F7217537BCB00329D2B /* InfoPlist.strings in Resources */,
				5BFF1F7A17537BCB00329D2B /* Default.png in Resources */,
				5BFF1F7C17537BCB00329D2B /* Default@2x.png in Resources */,
				5BFF1F7E17537BCB00329D2B /* Default-568h@2x.png in Resources */,
			);
			runOnlyForDeploymentPostprocessing = 0;
		};
/* End PBXResourcesBuildPhase section */

/* Begin PBXShellScriptBuildPhase section */
		158933C00EA445B4A36A51BC /* Check Pods Manifest.lock */ = {
			isa = PBXShellScriptBuildPhase;
			buildActionMask = 2147483647;
			files = (
			);
			inputPaths = (
			);
			name = "Check Pods Manifest.lock";
			outputPaths = (
			);
			runOnlyForDeploymentPostprocessing = 0;
			shellPath = /bin/sh;
			shellScript = "diff \"${PODS_ROOT}/../Podfile.lock\" \"${PODS_ROOT}/Manifest.lock\" > /dev/null\nif [[ $? != 0 ]] ; then\n    cat << EOM\nerror: The sandbox is not in sync with the Podfile.lock. Run 'pod install' or update your CocoaPods installation.\nEOM\n    exit 1\nfi\n";
		};
		5B23D82E1750ECA5001DA9F3 /* ShellScript */ = {
			isa = PBXShellScriptBuildPhase;
			buildActionMask = 2147483647;
			files = (
			);
			inputPaths = (
			);
			outputPaths = (
			);
			runOnlyForDeploymentPostprocessing = 0;
			shellPath = /bin/sh;
			shellScript = "# Run the unit tests in this test bundle.\n\"${SYSTEM_DEVELOPER_DIR}/Tools/RunUnitTests\"\n";
		};
		5B23D85817510584001DA9F3 /* ShellScript */ = {
			isa = PBXShellScriptBuildPhase;
			buildActionMask = 2147483647;
			files = (
			);
			inputPaths = (
			);
			outputPaths = (
			);
			runOnlyForDeploymentPostprocessing = 0;
			shellPath = /bin/sh;
			shellScript = "cd SIStoreExample\nexport PATH=\"/usr/local/Cellar/mogenerator/1.27/bin:$PATH\"\npwd\nmogenerator -m \"TaskBox.xcdatamodeld/TaskBox.xcdatamodel\" --template-var arc=YES";
		};
		7639BE3B1573478780B8B2DA /* Copy Pods Resources */ = {
			isa = PBXShellScriptBuildPhase;
			buildActionMask = 2147483647;
			files = (
			);
			inputPaths = (
			);
			name = "Copy Pods Resources";
			outputPaths = (
			);
			runOnlyForDeploymentPostprocessing = 0;
			shellPath = /bin/sh;
			shellScript = "\"${SRCROOT}/Pods/Pods-resources.sh\"\n";
		};
		BD6CC21214D34EDAB61A7B05 /* Copy Pods Resources */ = {
			isa = PBXShellScriptBuildPhase;
			buildActionMask = 2147483647;
			files = (
			);
			inputPaths = (
			);
			name = "Copy Pods Resources";
			outputPaths = (
			);
			runOnlyForDeploymentPostprocessing = 0;
			shellPath = /bin/sh;
			shellScript = "\"${SRCROOT}/Pods/Pods-AppTest-resources.sh\"\n";
		};
		E2A13EC4C90F48E69721C49F /* Check Pods Manifest.lock */ = {
			isa = PBXShellScriptBuildPhase;
			buildActionMask = 2147483647;
			files = (
			);
			inputPaths = (
			);
			name = "Check Pods Manifest.lock";
			outputPaths = (
			);
			runOnlyForDeploymentPostprocessing = 0;
			shellPath = /bin/sh;
			shellScript = "diff \"${PODS_ROOT}/../Podfile.lock\" \"${PODS_ROOT}/Manifest.lock\" > /dev/null\nif [[ $? != 0 ]] ; then\n    cat << EOM\nerror: The sandbox is not in sync with the Podfile.lock. Run 'pod install' or update your CocoaPods installation.\nEOM\n    exit 1\nfi\n";
		};
/* End PBXShellScriptBuildPhase section */

/* Begin PBXSourcesBuildPhase section */
		5B23D8061750ECA5001DA9F3 /* Sources */ = {
			isa = PBXSourcesBuildPhase;
			buildActionMask = 2147483647;
			files = (
				5B23D81A1750ECA5001DA9F3 /* main.m in Sources */,
				5B23D81E1750ECA5001DA9F3 /* AppDelegate.m in Sources */,
				5B23D82A1750ECA5001DA9F3 /* ViewController.m in Sources */,
				5B23D8531751029D001DA9F3 /* TaskBox.xcdatamodeld in Sources */,
				5B23D85C175106D3001DA9F3 /* _Task.m in Sources */,
				5B23D860175106EE001DA9F3 /* Task.m in Sources */,
				5B23D86B1751235F001DA9F3 /* SIStore.m in Sources */,
				5BED8E321782CEA1003C4850 /* StoreTableViewController.m in Sources */,
				5BED8E351782CFAF003C4850 /* TBStore.m in Sources */,
				5BED8E381782D062003C4850 /* UseiCloudViewController.m in Sources */,
			);
			runOnlyForDeploymentPostprocessing = 0;
		};
		5B23D82B1750ECA5001DA9F3 /* Sources */ = {
			isa = PBXSourcesBuildPhase;
			buildActionMask = 2147483647;
			files = (
				5B23D83F1750ECA5001DA9F3 /* SIStoreExampleTests.m in Sources */,
				5B23D86817510F89001DA9F3 /* SITestStore.m in Sources */,
			);
			runOnlyForDeploymentPostprocessing = 0;
		};
		5BFF1F6517537BCB00329D2B /* Sources */ = {
			isa = PBXSourcesBuildPhase;
			buildActionMask = 2147483647;
			files = (
				5BFF1F7417537BCB00329D2B /* main.m in Sources */,
				5BFF1F8417539C2300329D2B /* SimpleTestCase.m in Sources */,
			);
			runOnlyForDeploymentPostprocessing = 0;
		};
/* End PBXSourcesBuildPhase section */

/* Begin PBXTargetDependency section */
		5B23D8361750ECA5001DA9F3 /* PBXTargetDependency */ = {
			isa = PBXTargetDependency;
			target = 5B23D8091750ECA5001DA9F3 /* SIStoreExample */;
			targetProxy = 5B23D8351750ECA5001DA9F3 /* PBXContainerItemProxy */;
		};
/* End PBXTargetDependency section */

/* Begin PBXVariantGroup section */
		5B23D8161750ECA5001DA9F3 /* InfoPlist.strings */ = {
			isa = PBXVariantGroup;
			children = (
				5B23D8171750ECA5001DA9F3 /* en */,
			);
			name = InfoPlist.strings;
			sourceTree = "<group>";
		};
		5B23D8251750ECA5001DA9F3 /* MainStoryboard.storyboard */ = {
			isa = PBXVariantGroup;
			children = (
				5B23D8261750ECA5001DA9F3 /* en */,
			);
			name = MainStoryboard.storyboard;
			sourceTree = "<group>";
		};
		5B23D83A1750ECA5001DA9F3 /* InfoPlist.strings */ = {
			isa = PBXVariantGroup;
			children = (
				5B23D83B1750ECA5001DA9F3 /* en */,
			);
			name = InfoPlist.strings;
			sourceTree = "<group>";
		};
		5BFF1F7017537BCB00329D2B /* InfoPlist.strings */ = {
			isa = PBXVariantGroup;
			children = (
				5BFF1F7117537BCB00329D2B /* en */,
			);
			name = InfoPlist.strings;
			sourceTree = "<group>";
		};
/* End PBXVariantGroup section */

/* Begin XCBuildConfiguration section */
		5B23D8401750ECA5001DA9F3 /* Debug */ = {
			isa = XCBuildConfiguration;
			buildSettings = {
				ALWAYS_SEARCH_USER_PATHS = NO;
				CLANG_CXX_LANGUAGE_STANDARD = "gnu++0x";
				CLANG_CXX_LIBRARY = "libc++";
				CLANG_ENABLE_OBJC_ARC = YES;
				CLANG_WARN_CONSTANT_CONVERSION = YES;
				CLANG_WARN_EMPTY_BODY = YES;
				CLANG_WARN_ENUM_CONVERSION = YES;
				CLANG_WARN_INT_CONVERSION = YES;
				CLANG_WARN__DUPLICATE_METHOD_MATCH = YES;
				"CODE_SIGN_IDENTITY[sdk=iphoneos*]" = "iPhone Developer";
				COPY_PHASE_STRIP = NO;
				GCC_C_LANGUAGE_STANDARD = gnu99;
				GCC_DYNAMIC_NO_PIC = NO;
				GCC_OPTIMIZATION_LEVEL = 0;
				GCC_PREPROCESSOR_DEFINITIONS = (
					"DEBUG=1",
					"$(inherited)",
				);
				GCC_SYMBOLS_PRIVATE_EXTERN = NO;
				GCC_WARN_ABOUT_RETURN_TYPE = YES;
				GCC_WARN_UNINITIALIZED_AUTOS = YES;
				GCC_WARN_UNUSED_VARIABLE = YES;
				IPHONEOS_DEPLOYMENT_TARGET = 6.1;
				ONLY_ACTIVE_ARCH = YES;
				SDKROOT = iphoneos;
			};
			name = Debug;
		};
		5B23D8411750ECA5001DA9F3 /* Release */ = {
			isa = XCBuildConfiguration;
			buildSettings = {
				ALWAYS_SEARCH_USER_PATHS = NO;
				CLANG_CXX_LANGUAGE_STANDARD = "gnu++0x";
				CLANG_CXX_LIBRARY = "libc++";
				CLANG_ENABLE_OBJC_ARC = YES;
				CLANG_WARN_CONSTANT_CONVERSION = YES;
				CLANG_WARN_EMPTY_BODY = YES;
				CLANG_WARN_ENUM_CONVERSION = YES;
				CLANG_WARN_INT_CONVERSION = YES;
				CLANG_WARN__DUPLICATE_METHOD_MATCH = YES;
				"CODE_SIGN_IDENTITY[sdk=iphoneos*]" = "iPhone Developer";
				COPY_PHASE_STRIP = YES;
				GCC_C_LANGUAGE_STANDARD = gnu99;
				GCC_WARN_ABOUT_RETURN_TYPE = YES;
				GCC_WARN_UNINITIALIZED_AUTOS = YES;
				GCC_WARN_UNUSED_VARIABLE = YES;
				IPHONEOS_DEPLOYMENT_TARGET = 6.1;
				OTHER_CFLAGS = "-DNS_BLOCK_ASSERTIONS=1";
				SDKROOT = iphoneos;
				VALIDATE_PRODUCT = YES;
			};
			name = Release;
		};
		5B23D8431750ECA5001DA9F3 /* Debug */ = {
			isa = XCBuildConfiguration;
			baseConfigurationReference = CAA35CFA8F404C01A3B345E2 /* Pods.xcconfig */;
			buildSettings = {
				GCC_PRECOMPILE_PREFIX_HEADER = YES;
				GCC_PREFIX_HEADER = "SIStoreExample/SIStoreExample-Prefix.pch";
				INFOPLIST_FILE = "SIStoreExample/SIStoreExample-Info.plist";
				PRODUCT_NAME = "$(TARGET_NAME)";
				WRAPPER_EXTENSION = app;
			};
			name = Debug;
		};
		5B23D8441750ECA5001DA9F3 /* Release */ = {
			isa = XCBuildConfiguration;
			baseConfigurationReference = CAA35CFA8F404C01A3B345E2 /* Pods.xcconfig */;
			buildSettings = {
				GCC_PRECOMPILE_PREFIX_HEADER = YES;
				GCC_PREFIX_HEADER = "SIStoreExample/SIStoreExample-Prefix.pch";
				INFOPLIST_FILE = "SIStoreExample/SIStoreExample-Info.plist";
				PRODUCT_NAME = "$(TARGET_NAME)";
				WRAPPER_EXTENSION = app;
			};
			name = Release;
		};
		5B23D8461750ECA5001DA9F3 /* Debug */ = {
			isa = XCBuildConfiguration;
			buildSettings = {
				BUNDLE_LOADER = "$(BUILT_PRODUCTS_DIR)/SIStoreExample.app/SIStoreExample";
				FRAMEWORK_SEARCH_PATHS = (
					"\"$(SDKROOT)/Developer/Library/Frameworks\"",
					"\"$(DEVELOPER_LIBRARY_DIR)/Frameworks\"",
				);
				GCC_PRECOMPILE_PREFIX_HEADER = YES;
				GCC_PREFIX_HEADER = "SIStoreExample/SIStoreExample-Prefix.pch";
				HEADER_SEARCH_PATHS = "${PODS_HEADERS_SEARCH_PATHS}";
				INFOPLIST_FILE = "SIStoreExampleTests/SIStoreExampleTests-Info.plist";
				PODS_BUILD_HEADERS_SEARCH_PATHS = "\"${PODS_ROOT}/BuildHeaders\" \"${PODS_ROOT}/BuildHeaders/MagicalRecord\" \"${PODS_ROOT}/BuildHeaders/SIAlertView\" \"${PODS_ROOT}/BuildHeaders/SVProgressHUD\"";
				PODS_HEADERS_SEARCH_PATHS = "${PODS_PUBLIC_HEADERS_SEARCH_PATHS}";
				PODS_PUBLIC_HEADERS_SEARCH_PATHS = "\"${PODS_ROOT}/Headers\" \"${PODS_ROOT}/Headers/MagicalRecord\" \"${PODS_ROOT}/Headers/SIAlertView\" \"${PODS_ROOT}/Headers/SVProgressHUD\"";
				PODS_ROOT = "${SRCROOT}/Pods";
				PRODUCT_NAME = "$(TARGET_NAME)";
				TEST_HOST = "$(BUNDLE_LOADER)";
				USER_HEADER_SEARCH_PATHS = "";
				WRAPPER_EXTENSION = octest;
			};
			name = Debug;
		};
		5B23D8471750ECA5001DA9F3 /* Release */ = {
			isa = XCBuildConfiguration;
			buildSettings = {
				BUNDLE_LOADER = "$(BUILT_PRODUCTS_DIR)/SIStoreExample.app/SIStoreExample";
				FRAMEWORK_SEARCH_PATHS = (
					"\"$(SDKROOT)/Developer/Library/Frameworks\"",
					"\"$(DEVELOPER_LIBRARY_DIR)/Frameworks\"",
				);
				GCC_PRECOMPILE_PREFIX_HEADER = YES;
				GCC_PREFIX_HEADER = "SIStoreExample/SIStoreExample-Prefix.pch";
				HEADER_SEARCH_PATHS = "${PODS_HEADERS_SEARCH_PATHS}";
				INFOPLIST_FILE = "SIStoreExampleTests/SIStoreExampleTests-Info.plist";
				PODS_BUILD_HEADERS_SEARCH_PATHS = "\"${PODS_ROOT}/BuildHeaders\" \"${PODS_ROOT}/BuildHeaders/MagicalRecord\" \"${PODS_ROOT}/BuildHeaders/SIAlertView\" \"${PODS_ROOT}/BuildHeaders/SVProgressHUD\"";
				PODS_HEADERS_SEARCH_PATHS = "${PODS_PUBLIC_HEADERS_SEARCH_PATHS}";
				PODS_PUBLIC_HEADERS_SEARCH_PATHS = "\"${PODS_ROOT}/Headers\" \"${PODS_ROOT}/Headers/MagicalRecord\" \"${PODS_ROOT}/Headers/SIAlertView\" \"${PODS_ROOT}/Headers/SVProgressHUD\"";
				PODS_ROOT = "${SRCROOT}/Pods";
				PRODUCT_NAME = "$(TARGET_NAME)";
				TEST_HOST = "$(BUNDLE_LOADER)";
				USER_HEADER_SEARCH_PATHS = "";
				WRAPPER_EXTENSION = octest;
			};
			name = Release;
		};
		5B23D8561751057E001DA9F3 /* Debug */ = {
			isa = XCBuildConfiguration;
			buildSettings = {
				PRODUCT_NAME = "$(TARGET_NAME)";
			};
			name = Debug;
		};
		5B23D8571751057E001DA9F3 /* Release */ = {
			isa = XCBuildConfiguration;
			buildSettings = {
				PRODUCT_NAME = "$(TARGET_NAME)";
			};
			name = Release;
		};
		5BFF1F7F17537BCB00329D2B /* Debug */ = {
			isa = XCBuildConfiguration;
			baseConfigurationReference = BEDC0435845A4D54BFD8ED70 /* Pods-AppTest.xcconfig */;
			buildSettings = {
				"CODE_SIGN_IDENTITY[sdk=iphoneos*]" = "iPhone Developer";
				GCC_PRECOMPILE_PREFIX_HEADER = YES;
				GCC_PREFIX_HEADER = "AppTest/AppTest-Prefix.pch";
				INFOPLIST_FILE = "AppTest/AppTest-Info.plist";
				PRODUCT_NAME = "$(TARGET_NAME)";
				WRAPPER_EXTENSION = app;
			};
			name = Debug;
		};
		5BFF1F8017537BCB00329D2B /* Release */ = {
			isa = XCBuildConfiguration;
			baseConfigurationReference = BEDC0435845A4D54BFD8ED70 /* Pods-AppTest.xcconfig */;
			buildSettings = {
				"CODE_SIGN_IDENTITY[sdk=iphoneos*]" = "iPhone Developer";
				GCC_PRECOMPILE_PREFIX_HEADER = YES;
				GCC_PREFIX_HEADER = "AppTest/AppTest-Prefix.pch";
				INFOPLIST_FILE = "AppTest/AppTest-Info.plist";
				PRODUCT_NAME = "$(TARGET_NAME)";
				WRAPPER_EXTENSION = app;
			};
			name = Release;
		};
/* End XCBuildConfiguration section */

/* Begin XCConfigurationList section */
		5B23D8051750ECA5001DA9F3 /* Build configuration list for PBXProject "SIStoreExample" */ = {
			isa = XCConfigurationList;
			buildConfigurations = (
				5B23D8401750ECA5001DA9F3 /* Debug */,
				5B23D8411750ECA5001DA9F3 /* Release */,
			);
			defaultConfigurationIsVisible = 0;
			defaultConfigurationName = Release;
		};
		5B23D8421750ECA5001DA9F3 /* Build configuration list for PBXNativeTarget "SIStoreExample" */ = {
			isa = XCConfigurationList;
			buildConfigurations = (
				5B23D8431750ECA5001DA9F3 /* Debug */,
				5B23D8441750ECA5001DA9F3 /* Release */,
			);
			defaultConfigurationIsVisible = 0;
			defaultConfigurationName = Release;
		};
		5B23D8451750ECA5001DA9F3 /* Build configuration list for PBXNativeTarget "SIStoreExampleTests" */ = {
			isa = XCConfigurationList;
			buildConfigurations = (
				5B23D8461750ECA5001DA9F3 /* Debug */,
				5B23D8471750ECA5001DA9F3 /* Release */,
			);
			defaultConfigurationIsVisible = 0;
			defaultConfigurationName = Release;
		};
		5B23D8551751057E001DA9F3 /* Build configuration list for PBXAggregateTarget "mogenerator" */ = {
			isa = XCConfigurationList;
			buildConfigurations = (
				5B23D8561751057E001DA9F3 /* Debug */,
				5B23D8571751057E001DA9F3 /* Release */,
			);
			defaultConfigurationIsVisible = 0;
			defaultConfigurationName = Release;
		};
		5BFF1F8117537BCB00329D2B /* Build configuration list for PBXNativeTarget "AppTest" */ = {
			isa = XCConfigurationList;
			buildConfigurations = (
				5BFF1F7F17537BCB00329D2B /* Debug */,
				5BFF1F8017537BCB00329D2B /* Release */,
			);
			defaultConfigurationIsVisible = 0;
			defaultConfigurationName = Release;
		};
/* End XCConfigurationList section */

/* Begin XCVersionGroup section */
		5B23D8511751029D001DA9F3 /* TaskBox.xcdatamodeld */ = {
			isa = XCVersionGroup;
			children = (
				5B23D8521751029D001DA9F3 /* TaskBox.xcdatamodel */,
			);
			currentVersion = 5B23D8521751029D001DA9F3 /* TaskBox.xcdatamodel */;
			path = TaskBox.xcdatamodeld;
			sourceTree = "<group>";
			versionGroupType = wrapper.xcdatamodel;
		};
/* End XCVersionGroup section */
	};
	rootObject = 5B23D8021750ECA5001DA9F3 /* Project object */;
}
